
Microsoft Visual Studio Solution File, Format Version 12.00
# Visual Studio 15
VisualStudioVersion = 15.0.28010.2036
MinimumVisualStudioVersion = 10.0.40219.1
Project("{2150E333-8FDC-42A3-9474-1A3956D46DE8}") = "Core", "Core", "{99A56E1E-202C-4C65-AAE5-56B092FA3E7B}"
EndProject
Project("{9A19103F-16F7-4668-BE54-9A1E7A4F7556}") = "Alt.Core.MenssegerBusLite", "scr\Core\Alt.Core.MenssegerBusLite\Alt.Core.MenssegerBusLite.csproj", "{D3EFB9C8-22A1-4DEA-B5E8-1FFCDBA257C0}"
EndProject
Project("{2150E333-8FDC-42A3-9474-1A3956D46DE8}") = "Tests", "Tests", "{F832C710-80C8-4DEA-950E-9CE17CBF3C63}"
EndProject
Project("{FAE04EC0-301F-11D3-BF4B-00C04F79EFBC}") = "Alt.Tests.MensegerBusLite", "scr\Tests\Alt.Tests.MensegerBusLite\Alt.Tests.MensegerBusLite.csproj", "{31FF2ACF-F425-47B7-8303-373FCFD95988}"
EndProject
Global
	GlobalSection(SolutionConfigurationPlatforms) = preSolution
		Debug|Any CPU = Debug|Any CPU
		Release|Any CPU = Release|Any CPU
	EndGlobalSection
	GlobalSection(ProjectConfigurationPlatforms) = postSolution
		{D3EFB9C8-22A1-4DEA-B5E8-1FFCDBA257C0}.Debug|Any CPU.ActiveCfg = Debug|Any CPU
		{D3EFB9C8-22A1-4DEA-B5E8-1FFCDBA257C0}.Debug|Any CPU.Build.0 = Debug|Any CPU
		{D3EFB9C8-22A1-4DEA-B5E8-1FFCDBA257C0}.Release|Any CPU.ActiveCfg = Release|Any CPU
		{D3EFB9C8-22A1-4DEA-B5E8-1FFCDBA257C0}.Release|Any CPU.Build.0 = Release|Any CPU
		{31FF2ACF-F425-47B7-8303-373FCFD95988}.Debug|Any CPU.ActiveCfg = Debug|Any CPU
		{31FF2ACF-F425-47B7-8303-373FCFD95988}.Debug|Any CPU.Build.0 = Debug|Any CPU
		{31FF2ACF-F425-47B7-8303-373FCFD95988}.Release|Any CPU.ActiveCfg = Release|Any CPU
		{31FF2ACF-F425-47B7-8303-373FCFD95988}.Release|Any CPU.Build.0 = Release|Any CPU
	EndGlobalSection
	GlobalSection(SolutionProperties) = preSolution
		HideSolutionNode = FALSE
	EndGlobalSection
	GlobalSection(NestedProjects) = preSolution
		{D3EFB9C8-22A1-4DEA-B5E8-1FFCDBA257C0} = {99A56E1E-202C-4C65-AAE5-56B092FA3E7B}
		{31FF2ACF-F425-47B7-8303-373FCFD95988} = {F832C710-80C8-4DEA-950E-9CE17CBF3C63}
	EndGlobalSection
	GlobalSection(ExtensibilityGlobals) = postSolution
		SolutionGuid = {F1303C99-CB55-42E5-9662-658A5C095FA8}
	EndGlobalSection
EndGlobal
